
Microsoft Visual Studio Solution File, Format Version 12.00
# Visual Studio 2012
Project("{FAE04EC0-301F-11D3-BF4B-00C04F79EFBC}") = "XamarinTestApp", "XamarinTestApp\XamarinTestApp.csproj", "{D1868495-14D1-4C36-9FE2-12434D2207C3}"
EndProject
Project("{FAE04EC0-301F-11D3-BF4B-00C04F79EFBC}") = "XamarinTestApp.iOS", "iOS\XamarinTestApp.iOS.csproj", "{83E939A2-F861-4E4C-A4C1-0EB4E52959DA}"
EndProject
Project("{FAE04EC0-301F-11D3-BF4B-00C04F79EFBC}") = "XamarinTestApp.Droid", "Droid\XamarinTestApp.Droid.csproj", "{74C951BE-4A23-44D9-84BB-1386736DCABA}"
EndProject
Global
	GlobalSection(SolutionConfigurationPlatforms) = preSolution
		Debug|Any CPU = Debug|Any CPU
		Release|Any CPU = Release|Any CPU
		Debug|iPhoneSimulator = Debug|iPhoneSimulator
		Release|iPhone = Release|iPhone
		Release|iPhoneSimulator = Release|iPhoneSimulator
		Debug|iPhone = Debug|iPhone
	EndGlobalSection
	GlobalSection(ProjectConfigurationPlatforms) = postSolution
		{74C951BE-4A23-44D9-84BB-1386736DCABA}.Debug|Any CPU.ActiveCfg = Debug|Any CPU
		{74C951BE-4A23-44D9-84BB-1386736DCABA}.Debug|Any CPU.Build.0 = Debug|Any CPU
		{74C951BE-4A23-44D9-84BB-1386736DCABA}.Debug|iPhone.ActiveCfg = Debug|Any CPU
		{74C951BE-4A23-44D9-84BB-1386736DCABA}.Debug|iPhone.Build.0 = Debug|Any CPU
		{74C951BE-4A23-44D9-84BB-1386736DCABA}.Debug|iPhoneSimulator.ActiveCfg = Debug|Any CPU
		{74C951BE-4A23-44D9-84BB-1386736DCABA}.Debug|iPhoneSimulator.Build.0 = Debug|Any CPU
		{74C951BE-4A23-44D9-84BB-1386736DCABA}.Release|Any CPU.ActiveCfg = Release|Any CPU
		{74C951BE-4A23-44D9-84BB-1386736DCABA}.Release|Any CPU.Build.0 = Release|Any CPU
		{74C951BE-4A23-44D9-84BB-1386736DCABA}.Release|iPhone.ActiveCfg = Release|Any CPU
		{74C951BE-4A23-44D9-84BB-1386736DCABA}.Release|iPhone.Build.0 = Release|Any CPU
		{74C951BE-4A23-44D9-84BB-1386736DCABA}.Release|iPhoneSimulator.ActiveCfg = Release|Any CPU
		{74C951BE-4A23-44D9-84BB-1386736DCABA}.Release|iPhoneSimulator.Build.0 = Release|Any CPU
		{83E939A2-F861-4E4C-A4C1-0EB4E52959DA}.Debug|Any CPU.ActiveCfg = Debug|iPhoneSimulator
		{83E939A2-F861-4E4C-A4C1-0EB4E52959DA}.Debug|Any CPU.Build.0 = Debug|iPhoneSimulator
		{83E939A2-F861-4E4C-A4C1-0EB4E52959DA}.Debug|iPhone.ActiveCfg = Debug|iPhone
		{83E939A2-F861-4E4C-A4C1-0EB4E52959DA}.Debug|iPhone.Build.0 = Debug|iPhone
		{83E939A2-F861-4E4C-A4C1-0EB4E52959DA}.Debug|iPhoneSimulator.ActiveCfg = Debug|iPhoneSimulator
		{83E939A2-F861-4E4C-A4C1-0EB4E52959DA}.Debug|iPhoneSimulator.Build.0 = Debug|iPhoneSimulator
		{83E939A2-F861-4E4C-A4C1-0EB4E52959DA}.Release|Any CPU.ActiveCfg = Release|iPhone
		{83E939A2-F861-4E4C-A4C1-0EB4E52959DA}.Release|Any CPU.Build.0 = Release|iPhone
		{83E939A2-F861-4E4C-A4C1-0EB4E52959DA}.Release|iPhone.ActiveCfg = Release|iPhone
		{83E939A2-F861-4E4C-A4C1-0EB4E52959DA}.Release|iPhone.Build.0 = Release|iPhone
		{83E939A2-F861-4E4C-A4C1-0EB4E52959DA}.Release|iPhoneSimulator.ActiveCfg = Release|iPhoneSimulator
		{83E939A2-F861-4E4C-A4C1-0EB4E52959DA}.Release|iPhoneSimulator.Build.0 = Release|iPhoneSimulator
		{D1868495-14D1-4C36-9FE2-12434D2207C3}.Debug|Any CPU.ActiveCfg = Debug|Any CPU
		{D1868495-14D1-4C36-9FE2-12434D2207C3}.Debug|Any CPU.Build.0 = Debug|Any CPU
		{D1868495-14D1-4C36-9FE2-12434D2207C3}.Debug|iPhone.ActiveCfg = Debug|Any CPU
		{D1868495-14D1-4C36-9FE2-12434D2207C3}.Debug|iPhone.Build.0 = Debug|Any CPU
		{D1868495-14D1-4C36-9FE2-12434D2207C3}.Debug|iPhoneSimulator.ActiveCfg = Debug|Any CPU
		{D1868495-14D1-4C36-9FE2-12434D2207C3}.Debug|iPhoneSimulator.Build.0 = Debug|Any CPU
		{D1868495-14D1-4C36-9FE2-12434D2207C3}.Release|Any CPU.ActiveCfg = Release|Any CPU
		{D1868495-14D1-4C36-9FE2-12434D2207C3}.Release|Any CPU.Build.0 = Release|Any CPU
		{D1868495-14D1-4C36-9FE2-12434D2207C3}.Release|iPhone.ActiveCfg = Release|Any CPU
		{D1868495-14D1-4C36-9FE2-12434D2207C3}.Release|iPhone.Build.0 = Release|Any CPU
		{D1868495-14D1-4C36-9FE2-12434D2207C3}.Release|iPhoneSimulator.ActiveCfg = Release|Any CPU
		{D1868495-14D1-4C36-9FE2-12434D2207C3}.Release|iPhoneSimulator.Build.0 = Release|Any CPU
	EndGlobalSection
EndGlobal
